
Microsoft Visual Studio Solution File, Format Version 12.00
# Visual Studio Version 17
VisualStudioVersion = 17.5.33502.453
MinimumVisualStudioVersion = 10.0.40219.1
Project("{9A19103F-16F7-4668-BE54-9A1E7A4F7556}") = "AzureADWeb", "AzureADWeb\AzureADWeb.csproj", "{119B1238-7B9F-4D51-9FB1-976D20254AC2}"
EndProject
Project("{9A19103F-16F7-4668-BE54-9A1E7A4F7556}") = "AzureADApi", "AzureADApi\AzureADApi.csproj", "{736F8934-69FD-4732-8213-11C2BCFD817A}"
EndProject
Project("{FAE04EC0-301F-11D3-BF4B-00C04F79EFBC}") = "AzureADB2CWeb", "AzureADB2CWeb\AzureADB2CWeb.csproj", "{E3C64E6D-B10C-4806-8949-2C32FB7F5BED}"
EndProject
Global
	GlobalSection(SolutionConfigurationPlatforms) = preSolution
		Debug|Any CPU = Debug|Any CPU
		Release|Any CPU = Release|Any CPU
	EndGlobalSection
	GlobalSection(ProjectConfigurationPlatforms) = postSolution
		{119B1238-7B9F-4D51-9FB1-976D20254AC2}.Debug|Any CPU.ActiveCfg = Debug|Any CPU
		{119B1238-7B9F-4D51-9FB1-976D20254AC2}.Debug|Any CPU.Build.0 = Debug|Any CPU
		{119B1238-7B9F-4D51-9FB1-976D20254AC2}.Release|Any CPU.ActiveCfg = Release|Any CPU
		{119B1238-7B9F-4D51-9FB1-976D20254AC2}.Release|Any CPU.Build.0 = Release|Any CPU
		{736F8934-69FD-4732-8213-11C2BCFD817A}.Debug|Any CPU.ActiveCfg = Debug|Any CPU
		{736F8934-69FD-4732-8213-11C2BCFD817A}.Debug|Any CPU.Build.0 = Debug|Any CPU
		{736F8934-69FD-4732-8213-11C2BCFD817A}.Release|Any CPU.ActiveCfg = Release|Any CPU
		{736F8934-69FD-4732-8213-11C2BCFD817A}.Release|Any CPU.Build.0 = Release|Any CPU
		{E3C64E6D-B10C-4806-8949-2C32FB7F5BED}.Debug|Any CPU.ActiveCfg = Debug|Any CPU
		{E3C64E6D-B10C-4806-8949-2C32FB7F5BED}.Debug|Any CPU.Build.0 = Debug|Any CPU
		{E3C64E6D-B10C-4806-8949-2C32FB7F5BED}.Release|Any CPU.ActiveCfg = Release|Any CPU
		{E3C64E6D-B10C-4806-8949-2C32FB7F5BED}.Release|Any CPU.Build.0 = Release|Any CPU
	EndGlobalSection
	GlobalSection(SolutionProperties) = preSolution
		HideSolutionNode = FALSE
	EndGlobalSection
	GlobalSection(ExtensibilityGlobals) = postSolution
		SolutionGuid = {B699D4F3-AFEF-423F-A04B-FD5E968A10D6}
	EndGlobalSection
EndGlobal
